{
  "name": "test_proyek",
  "lockfileVersion": 3,
  "requires": true,
  "packages": {
    "": {
      "dependencies": {
        "mtk-gampang": "file:../mtk_gampang"
      }
    },
    "../mtk_gampang": {
      "name": "mtk-gampang",
      "version": "1.0.0",
      "license": "MIT"
    },
    "node_modules/mtk-gampang": {
      "resolved": "../mtk_gampang",
      "link": true
    }
  }
}
